{
  "name": "motd-node",
  "version": "1.0.0",
  "lockfileVersion": 3,
  "requires": true,
  "packages": {
    "": {
      "name": "motd-node",
      "version": "1.0.0",
      "license": "ISC",
      "dependencies": {
        "hex": "^0.1.0",
        "net": "^1.0.2"
      }
    },
    "node_modules/hex": {
      "version": "0.1.0",
      "resolved": "https://registry.npmmirror.com/hex/-/hex-0.1.0.tgz",
      "integrity": "sha512-B2q2b6P/tZsKJXgbCHvgcsYlsHBTNvfoAiNJ+XzsS0fudEbOU7f3sig924IBfDHqdLrObsiXWfHzuHW1x+MxQQ==",
      "engines": {
        "node": ">=0.10"
      }
    },
    "node_modules/net": {
      "version": "1.0.2",
      "resolved": "https://registry.npmmirror.com/net/-/net-1.0.2.tgz",
      "integrity": "sha512-kbhcj2SVVR4caaVnGLJKmlk2+f+oLkjqdKeQlmUtz6nGzOpbcobwVIeSURNgraV/v3tlmGIX82OcPCl0K6RbHQ=="
    }
  }
}
